
Microsoft Visual Studio Solution File, Format Version 12.00
# Visual Studio Version 16
VisualStudioVersion = 16.0.29709.97
MinimumVisualStudioVersion = 10.0.40219.1
Project("{FAE04EC0-301F-11D3-BF4B-00C04F79EFBC}") = "AbstractSweetShopView", "AbstractSweetShopView\AbstractSweetShopView.csproj", "{6F3C1E52-07A4-4424-B3E0-6C4F402F43D5}"
EndProject
Project("{9A19103F-16F7-4668-BE54-9A1E7A4F7556}") = "AbstractSweetShopBusinessLogic", "AbstractSweetShopBusinessLogic\AbstractSweetShopBusinessLogic.csproj", "{B80B83B4-167A-4B14-B9B7-9554F2110253}"
EndProject
Project("{9A19103F-16F7-4668-BE54-9A1E7A4F7556}") = "AbstractSweetShopListImplement", "AbstractSweetShopListImplement\AbstractSweetShopListImplement.csproj", "{769CCD10-C3A6-4E45-9DC4-46B99C0B75E7}"
EndProject
Project("{FAE04EC0-301F-11D3-BF4B-00C04F79EFBC}") = "AbstractSweetShopFileImplement", "AbstractSweetShopFileImplement\AbstractSweetShopFileImplement.csproj", "{5724C244-9010-44C6-B5B5-9040AF0B0A08}"
EndProject
Global
	GlobalSection(SolutionConfigurationPlatforms) = preSolution
		Debug|Any CPU = Debug|Any CPU
		Release|Any CPU = Release|Any CPU
	EndGlobalSection
	GlobalSection(ProjectConfigurationPlatforms) = postSolution
		{6F3C1E52-07A4-4424-B3E0-6C4F402F43D5}.Debug|Any CPU.ActiveCfg = Debug|Any CPU
		{6F3C1E52-07A4-4424-B3E0-6C4F402F43D5}.Debug|Any CPU.Build.0 = Debug|Any CPU
		{6F3C1E52-07A4-4424-B3E0-6C4F402F43D5}.Release|Any CPU.ActiveCfg = Release|Any CPU
		{6F3C1E52-07A4-4424-B3E0-6C4F402F43D5}.Release|Any CPU.Build.0 = Release|Any CPU
		{B80B83B4-167A-4B14-B9B7-9554F2110253}.Debug|Any CPU.ActiveCfg = Debug|Any CPU
		{B80B83B4-167A-4B14-B9B7-9554F2110253}.Debug|Any CPU.Build.0 = Debug|Any CPU
		{B80B83B4-167A-4B14-B9B7-9554F2110253}.Release|Any CPU.ActiveCfg = Release|Any CPU
		{B80B83B4-167A-4B14-B9B7-9554F2110253}.Release|Any CPU.Build.0 = Release|Any CPU
		{769CCD10-C3A6-4E45-9DC4-46B99C0B75E7}.Debug|Any CPU.ActiveCfg = Debug|Any CPU
		{769CCD10-C3A6-4E45-9DC4-46B99C0B75E7}.Debug|Any CPU.Build.0 = Debug|Any CPU
		{769CCD10-C3A6-4E45-9DC4-46B99C0B75E7}.Release|Any CPU.ActiveCfg = Release|Any CPU
		{769CCD10-C3A6-4E45-9DC4-46B99C0B75E7}.Release|Any CPU.Build.0 = Release|Any CPU
		{5724C244-9010-44C6-B5B5-9040AF0B0A08}.Debug|Any CPU.ActiveCfg = Debug|Any CPU
		{5724C244-9010-44C6-B5B5-9040AF0B0A08}.Debug|Any CPU.Build.0 = Debug|Any CPU
		{5724C244-9010-44C6-B5B5-9040AF0B0A08}.Release|Any CPU.ActiveCfg = Release|Any CPU
		{5724C244-9010-44C6-B5B5-9040AF0B0A08}.Release|Any CPU.Build.0 = Release|Any CPU
	EndGlobalSection
	GlobalSection(SolutionProperties) = preSolution
		HideSolutionNode = FALSE
	EndGlobalSection
	GlobalSection(ExtensibilityGlobals) = postSolution
		SolutionGuid = {29A983BD-CC8F-4AE3-B7AF-08338E5E28A3}
	EndGlobalSection
EndGlobal
